
Microsoft Visual Studio Solution File, Format Version 12.00
# Visual Studio 15
VisualStudioVersion = 15.0.28307.421
MinimumVisualStudioVersion = 10.0.40219.1
Project("{9A19103F-16F7-4668-BE54-9A1E7A4F7556}") = "FiiApp.Dashboard", "FiiApp.Presentation\FiiApp.Dashboard\FiiApp.Dashboard.csproj", "{43F4CABC-3533-4CCD-BADB-93747F3BF2CB}"
EndProject
Project("{2150E333-8FDC-42A3-9474-1A3956D46DE8}") = "Presentation", "Presentation", "{9BFEAAAD-A940-4E46-A243-DF44A49D74A2}"
EndProject
Project("{2150E333-8FDC-42A3-9474-1A3956D46DE8}") = "Libraries", "Libraries", "{B7A071C5-5FDD-42FD-8A2E-37738967E075}"
EndProject
Project("{9A19103F-16F7-4668-BE54-9A1E7A4F7556}") = "FiiApp.Data", "FiiApp.Libraries\FiiApp.Data\FiiApp.Data.csproj", "{187E3DDA-DF62-4276-B628-B2E5D935DE57}"
EndProject
Project("{9A19103F-16F7-4668-BE54-9A1E7A4F7556}") = "FiiApp.Services", "FiiApp.Libraries\FiiApp.Services\FiiApp.Services.csproj", "{2096A5CD-9C4A-4698-A05B-5CF0FAB61F4E}"
EndProject
Project("{2150E333-8FDC-42A3-9474-1A3956D46DE8}") = "Tests", "Tests", "{661B831B-CD87-4B92-BCC0-9ED61D6019C1}"
EndProject
Project("{9A19103F-16F7-4668-BE54-9A1E7A4F7556}") = "FiiApp.UnitTests", "FiiApp.Tests\FiiApp.UnitTests\FiiApp.UnitTests.csproj", "{373A1CFD-A656-401C-9E40-C3E66AEE601B}"
EndProject
Project("{2150E333-8FDC-42A3-9474-1A3956D46DE8}") = "Database", "Database", "{55FC484A-A9B5-4796-B5B5-7ED6E4E8A082}"
	ProjectSection(SolutionItems) = preProject
		Database\06-05-2019-Initial-Script.sql = Database\06-05-2019-Initial-Script.sql
		Database\SqlQuery_1.sql = Database\SqlQuery_1.sql
	EndProjectSection
EndProject
Project("{2150E333-8FDC-42A3-9474-1A3956D46DE8}") = "MLPredictions", "MLPredictions", "{9EBD061F-3068-4D6A-A284-6D48EF74AA10}"
EndProject
Project("{2150E333-8FDC-42A3-9474-1A3956D46DE8}") = "ECTSPred", "ECTSPred", "{F2814584-2188-4514-9E52-DD7A4D5E218C}"
EndProject
Project("{9A19103F-16F7-4668-BE54-9A1E7A4F7556}") = "ECTSPrediction", "MLPredictions\ECTSPred\ECTSPrediction\ECTSPrediction.csproj", "{F5151D03-652E-408F-9A7F-F81FA0036853}"
EndProject
Project("{2150E333-8FDC-42A3-9474-1A3956D46DE8}") = "PFPred", "PFPred", "{933D5D40-5EC8-4CD4-ABEF-0402C753C4A5}"
EndProject
Project("{9A19103F-16F7-4668-BE54-9A1E7A4F7556}") = "PFPrediction", "MLPredictions\PFPred\PFPrediction\PFPrediction.csproj", "{FEF71F3D-7E57-4657-AC88-0E8E71414EA3}"
EndProject
Project("{9A19103F-16F7-4668-BE54-9A1E7A4F7556}") = "PFPrediction.App", "MLPredictions\PFPred\PFPrediction.App\PFPrediction.App.csproj", "{1CD98B43-F690-45C9-8672-8C3BCFBF232A}"
EndProject
Project("{9A19103F-16F7-4668-BE54-9A1E7A4F7556}") = "PFPrediction.Model", "MLPredictions\PFPred\PFPrediction.Model\PFPrediction.Model.csproj", "{D25502BA-7335-4E41-976C-2758DA2346B0}"
EndProject
Project("{9A19103F-16F7-4668-BE54-9A1E7A4F7556}") = "ECTSPrediction.App", "MLPredictions\ECTSPred\ECTSPrediction.App\ECTSPrediction.App.csproj", "{DF395741-9EF3-4E46-BA83-C6D10FBAA432}"
EndProject
Project("{9A19103F-16F7-4668-BE54-9A1E7A4F7556}") = "ECTSPrediction.Model", "MLPredictions\ECTSPred\ECTSPrediction.Model\ECTSPrediction.Model.csproj", "{AA556342-A150-4CC8-ABF4-9FA646ECFA02}"
EndProject
Global
	GlobalSection(SolutionConfigurationPlatforms) = preSolution
		Debug|Any CPU = Debug|Any CPU
		Release|Any CPU = Release|Any CPU
	EndGlobalSection
	GlobalSection(ProjectConfigurationPlatforms) = postSolution
		{43F4CABC-3533-4CCD-BADB-93747F3BF2CB}.Debug|Any CPU.ActiveCfg = Debug|Any CPU
		{43F4CABC-3533-4CCD-BADB-93747F3BF2CB}.Debug|Any CPU.Build.0 = Debug|Any CPU
		{43F4CABC-3533-4CCD-BADB-93747F3BF2CB}.Release|Any CPU.ActiveCfg = Release|Any CPU
		{43F4CABC-3533-4CCD-BADB-93747F3BF2CB}.Release|Any CPU.Build.0 = Release|Any CPU
		{187E3DDA-DF62-4276-B628-B2E5D935DE57}.Debug|Any CPU.ActiveCfg = Debug|Any CPU
		{187E3DDA-DF62-4276-B628-B2E5D935DE57}.Debug|Any CPU.Build.0 = Debug|Any CPU
		{187E3DDA-DF62-4276-B628-B2E5D935DE57}.Release|Any CPU.ActiveCfg = Release|Any CPU
		{187E3DDA-DF62-4276-B628-B2E5D935DE57}.Release|Any CPU.Build.0 = Release|Any CPU
		{2096A5CD-9C4A-4698-A05B-5CF0FAB61F4E}.Debug|Any CPU.ActiveCfg = Debug|Any CPU
		{2096A5CD-9C4A-4698-A05B-5CF0FAB61F4E}.Debug|Any CPU.Build.0 = Debug|Any CPU
		{2096A5CD-9C4A-4698-A05B-5CF0FAB61F4E}.Release|Any CPU.ActiveCfg = Release|Any CPU
		{2096A5CD-9C4A-4698-A05B-5CF0FAB61F4E}.Release|Any CPU.Build.0 = Release|Any CPU
		{373A1CFD-A656-401C-9E40-C3E66AEE601B}.Debug|Any CPU.ActiveCfg = Debug|Any CPU
		{373A1CFD-A656-401C-9E40-C3E66AEE601B}.Debug|Any CPU.Build.0 = Debug|Any CPU
		{373A1CFD-A656-401C-9E40-C3E66AEE601B}.Release|Any CPU.ActiveCfg = Release|Any CPU
		{373A1CFD-A656-401C-9E40-C3E66AEE601B}.Release|Any CPU.Build.0 = Release|Any CPU
		{F5151D03-652E-408F-9A7F-F81FA0036853}.Debug|Any CPU.ActiveCfg = Debug|Any CPU
		{F5151D03-652E-408F-9A7F-F81FA0036853}.Debug|Any CPU.Build.0 = Debug|Any CPU
		{F5151D03-652E-408F-9A7F-F81FA0036853}.Release|Any CPU.ActiveCfg = Release|Any CPU
		{F5151D03-652E-408F-9A7F-F81FA0036853}.Release|Any CPU.Build.0 = Release|Any CPU
		{FEF71F3D-7E57-4657-AC88-0E8E71414EA3}.Debug|Any CPU.ActiveCfg = Debug|Any CPU
		{FEF71F3D-7E57-4657-AC88-0E8E71414EA3}.Debug|Any CPU.Build.0 = Debug|Any CPU
		{FEF71F3D-7E57-4657-AC88-0E8E71414EA3}.Release|Any CPU.ActiveCfg = Release|Any CPU
		{FEF71F3D-7E57-4657-AC88-0E8E71414EA3}.Release|Any CPU.Build.0 = Release|Any CPU
		{1CD98B43-F690-45C9-8672-8C3BCFBF232A}.Debug|Any CPU.ActiveCfg = Debug|Any CPU
		{1CD98B43-F690-45C9-8672-8C3BCFBF232A}.Debug|Any CPU.Build.0 = Debug|Any CPU
		{1CD98B43-F690-45C9-8672-8C3BCFBF232A}.Release|Any CPU.ActiveCfg = Release|Any CPU
		{1CD98B43-F690-45C9-8672-8C3BCFBF232A}.Release|Any CPU.Build.0 = Release|Any CPU
		{D25502BA-7335-4E41-976C-2758DA2346B0}.Debug|Any CPU.ActiveCfg = Debug|Any CPU
		{D25502BA-7335-4E41-976C-2758DA2346B0}.Debug|Any CPU.Build.0 = Debug|Any CPU
		{D25502BA-7335-4E41-976C-2758DA2346B0}.Release|Any CPU.ActiveCfg = Release|Any CPU
		{D25502BA-7335-4E41-976C-2758DA2346B0}.Release|Any CPU.Build.0 = Release|Any CPU
		{DF395741-9EF3-4E46-BA83-C6D10FBAA432}.Debug|Any CPU.ActiveCfg = Debug|Any CPU
		{DF395741-9EF3-4E46-BA83-C6D10FBAA432}.Debug|Any CPU.Build.0 = Debug|Any CPU
		{DF395741-9EF3-4E46-BA83-C6D10FBAA432}.Release|Any CPU.ActiveCfg = Release|Any CPU
		{DF395741-9EF3-4E46-BA83-C6D10FBAA432}.Release|Any CPU.Build.0 = Release|Any CPU
		{AA556342-A150-4CC8-ABF4-9FA646ECFA02}.Debug|Any CPU.ActiveCfg = Debug|Any CPU
		{AA556342-A150-4CC8-ABF4-9FA646ECFA02}.Debug|Any CPU.Build.0 = Debug|Any CPU
		{AA556342-A150-4CC8-ABF4-9FA646ECFA02}.Release|Any CPU.ActiveCfg = Release|Any CPU
		{AA556342-A150-4CC8-ABF4-9FA646ECFA02}.Release|Any CPU.Build.0 = Release|Any CPU
	EndGlobalSection
	GlobalSection(SolutionProperties) = preSolution
		HideSolutionNode = FALSE
	EndGlobalSection
	GlobalSection(NestedProjects) = preSolution
		{43F4CABC-3533-4CCD-BADB-93747F3BF2CB} = {9BFEAAAD-A940-4E46-A243-DF44A49D74A2}
		{187E3DDA-DF62-4276-B628-B2E5D935DE57} = {B7A071C5-5FDD-42FD-8A2E-37738967E075}
		{2096A5CD-9C4A-4698-A05B-5CF0FAB61F4E} = {B7A071C5-5FDD-42FD-8A2E-37738967E075}
		{373A1CFD-A656-401C-9E40-C3E66AEE601B} = {661B831B-CD87-4B92-BCC0-9ED61D6019C1}
		{F2814584-2188-4514-9E52-DD7A4D5E218C} = {9EBD061F-3068-4D6A-A284-6D48EF74AA10}
		{F5151D03-652E-408F-9A7F-F81FA0036853} = {F2814584-2188-4514-9E52-DD7A4D5E218C}
		{933D5D40-5EC8-4CD4-ABEF-0402C753C4A5} = {9EBD061F-3068-4D6A-A284-6D48EF74AA10}
		{FEF71F3D-7E57-4657-AC88-0E8E71414EA3} = {933D5D40-5EC8-4CD4-ABEF-0402C753C4A5}
		{1CD98B43-F690-45C9-8672-8C3BCFBF232A} = {933D5D40-5EC8-4CD4-ABEF-0402C753C4A5}
		{D25502BA-7335-4E41-976C-2758DA2346B0} = {933D5D40-5EC8-4CD4-ABEF-0402C753C4A5}
		{DF395741-9EF3-4E46-BA83-C6D10FBAA432} = {F2814584-2188-4514-9E52-DD7A4D5E218C}
		{AA556342-A150-4CC8-ABF4-9FA646ECFA02} = {F2814584-2188-4514-9E52-DD7A4D5E218C}
	EndGlobalSection
	GlobalSection(ExtensibilityGlobals) = postSolution
		SolutionGuid = {1673E6E2-EA9F-4246-83F0-C5EE13337319}
	EndGlobalSection
EndGlobal
